
Microsoft Visual Studio Solution File, Format Version 12.00
# Visual Studio Version 17
VisualStudioVersion = 17.12.35506.116
MinimumVisualStudioVersion = 10.0.40219.1
Project("{2150E333-8FDC-42A3-9474-1A3956D46DE8}") = "src", "src", "{46F927A8-976F-452F-8F14-2D40630EC8AB}"
EndProject
Project("{2150E333-8FDC-42A3-9474-1A3956D46DE8}") = "Applications", "Applications", "{AB79793D-D7BD-4830-B763-93740D9480CB}"
EndProject
Project("{2150E333-8FDC-42A3-9474-1A3956D46DE8}") = "Infrastructures", "Infrastructures", "{2123A49F-4A4D-4751-9BF7-EDC96ED1C27D}"
EndProject
Project("{2150E333-8FDC-42A3-9474-1A3956D46DE8}") = "Domain", "Domain", "{01321B66-60B5-470D-85C1-EA708B606166}"
EndProject
Project("{2150E333-8FDC-42A3-9474-1A3956D46DE8}") = "Business", "Business", "{7F0AE95F-15D7-47FE-9B52-73E60A2AB933}"
EndProject
Project("{FAE04EC0-301F-11D3-BF4B-00C04F79EFBC}") = "GenericRepository.Api", "src\Applications\GenericRepository.Api\GenericRepository.Api.csproj", "{10324A31-5FE9-435C-97B3-65B4377EEFF2}"
EndProject
Project("{FAE04EC0-301F-11D3-BF4B-00C04F79EFBC}") = "GenericRepository.Business", "src\Business\GenericRepository.Business\GenericRepository.Business.csproj", "{3EC3A4B5-7DC0-45F4-AD61-D239F5D797B5}"
EndProject
Project("{FAE04EC0-301F-11D3-BF4B-00C04F79EFBC}") = "GenericRepository.Domain.Core", "src\Domains\GenericRepository.Domain.Core\GenericRepository.Domain.Core.csproj", "{C208AA8F-7A2F-4383-AC25-1579FB7ABA30}"
EndProject
Project("{FAE04EC0-301F-11D3-BF4B-00C04F79EFBC}") = "GenericRepository.Infrastructures.Repository", "src\Infrastructures\GenericRepository.Infrastructures.Repository\GenericRepository.Infrastructures.Repository.csproj", "{B1E4406D-7034-44E6-836E-DA56AB2D668E}"
EndProject
Project("{2150E333-8FDC-42A3-9474-1A3956D46DE8}") = "Solution Items", "Solution Items", "{03157C5A-3D10-4D9E-B24C-52807610A34D}"
	ProjectSection(SolutionItems) = preProject
		.editorconfig = .editorconfig
	EndProjectSection
EndProject
Global
	GlobalSection(SolutionConfigurationPlatforms) = preSolution
		Debug|Any CPU = Debug|Any CPU
		Release|Any CPU = Release|Any CPU
	EndGlobalSection
	GlobalSection(ProjectConfigurationPlatforms) = postSolution
		{10324A31-5FE9-435C-97B3-65B4377EEFF2}.Debug|Any CPU.ActiveCfg = Debug|Any CPU
		{10324A31-5FE9-435C-97B3-65B4377EEFF2}.Debug|Any CPU.Build.0 = Debug|Any CPU
		{10324A31-5FE9-435C-97B3-65B4377EEFF2}.Release|Any CPU.ActiveCfg = Release|Any CPU
		{10324A31-5FE9-435C-97B3-65B4377EEFF2}.Release|Any CPU.Build.0 = Release|Any CPU
		{3EC3A4B5-7DC0-45F4-AD61-D239F5D797B5}.Debug|Any CPU.ActiveCfg = Debug|Any CPU
		{3EC3A4B5-7DC0-45F4-AD61-D239F5D797B5}.Debug|Any CPU.Build.0 = Debug|Any CPU
		{3EC3A4B5-7DC0-45F4-AD61-D239F5D797B5}.Release|Any CPU.ActiveCfg = Release|Any CPU
		{3EC3A4B5-7DC0-45F4-AD61-D239F5D797B5}.Release|Any CPU.Build.0 = Release|Any CPU
		{C208AA8F-7A2F-4383-AC25-1579FB7ABA30}.Debug|Any CPU.ActiveCfg = Debug|Any CPU
		{C208AA8F-7A2F-4383-AC25-1579FB7ABA30}.Debug|Any CPU.Build.0 = Debug|Any CPU
		{C208AA8F-7A2F-4383-AC25-1579FB7ABA30}.Release|Any CPU.ActiveCfg = Release|Any CPU
		{C208AA8F-7A2F-4383-AC25-1579FB7ABA30}.Release|Any CPU.Build.0 = Release|Any CPU
		{B1E4406D-7034-44E6-836E-DA56AB2D668E}.Debug|Any CPU.ActiveCfg = Debug|Any CPU
		{B1E4406D-7034-44E6-836E-DA56AB2D668E}.Debug|Any CPU.Build.0 = Debug|Any CPU
		{B1E4406D-7034-44E6-836E-DA56AB2D668E}.Release|Any CPU.ActiveCfg = Release|Any CPU
		{B1E4406D-7034-44E6-836E-DA56AB2D668E}.Release|Any CPU.Build.0 = Release|Any CPU
	EndGlobalSection
	GlobalSection(SolutionProperties) = preSolution
		HideSolutionNode = FALSE
	EndGlobalSection
	GlobalSection(NestedProjects) = preSolution
		{AB79793D-D7BD-4830-B763-93740D9480CB} = {46F927A8-976F-452F-8F14-2D40630EC8AB}
		{2123A49F-4A4D-4751-9BF7-EDC96ED1C27D} = {46F927A8-976F-452F-8F14-2D40630EC8AB}
		{01321B66-60B5-470D-85C1-EA708B606166} = {46F927A8-976F-452F-8F14-2D40630EC8AB}
		{7F0AE95F-15D7-47FE-9B52-73E60A2AB933} = {46F927A8-976F-452F-8F14-2D40630EC8AB}
		{10324A31-5FE9-435C-97B3-65B4377EEFF2} = {AB79793D-D7BD-4830-B763-93740D9480CB}
		{3EC3A4B5-7DC0-45F4-AD61-D239F5D797B5} = {7F0AE95F-15D7-47FE-9B52-73E60A2AB933}
		{C208AA8F-7A2F-4383-AC25-1579FB7ABA30} = {01321B66-60B5-470D-85C1-EA708B606166}
		{B1E4406D-7034-44E6-836E-DA56AB2D668E} = {2123A49F-4A4D-4751-9BF7-EDC96ED1C27D}
	EndGlobalSection
EndGlobal
